// !$*UTF8*$!
{
	archiveVersion = 1;
	classes = {
	};
	objectVersion = 50;
	objects = {

/* Begin PBXBuildFile section */
		4F81E13B234088A2002D22B8 /* AppDelegate.swift in Sources */ = {isa = PBXBuildFile; fileRef = 4F81E13A234088A2002D22B8 /* AppDelegate.swift */; };
		4F81E13D234088A2002D22B8 /* ViewController.swift in Sources */ = {isa = PBXBuildFile; fileRef = 4F81E13C234088A2002D22B8 /* ViewController.swift */; };
		4F81E140234088A2002D22B8 /* Main.storyboard in Resources */ = {isa = PBXBuildFile; fileRef = 4F81E13E234088A2002D22B8 /* Main.storyboard */; };
		4F81E142234088A2002D22B8 /* Assets.xcassets in Resources */ = {isa = PBXBuildFile; fileRef = 4F81E141234088A2002D22B8 /* Assets.xcassets */; };
		4F81E145234088A2002D22B8 /* LaunchScreen.storyboard in Resources */ = {isa = PBXBuildFile; fileRef = 4F81E143234088A2002D22B8 /* LaunchScreen.storyboard */; };
		4F81E15123408C56002D22B8 /* p_img01.png in Resources */ = {isa = PBXBuildFile; fileRef = 4F81E14C23408C56002D22B8 /* p_img01.png */; };
		4F81E15223408C56002D22B8 /* p_img04.png in Resources */ = {isa = PBXBuildFile; fileRef = 4F81E14D23408C56002D22B8 /* p_img04.png */; };
		4F81E15323408C56002D22B8 /* p_img03.png in Resources */ = {isa = PBXBuildFile; fileRef = 4F81E14E23408C56002D22B8 /* p_img03.png */; };
		4F81E15423408C56002D22B8 /* p_img05.png in Resources */ = {isa = PBXBuildFile; fileRef = 4F81E14F23408C56002D22B8 /* p_img05.png */; };
		4F81E15523408C56002D22B8 /* p_img02.png in Resources */ = {isa = PBXBuildFile; fileRef = 4F81E15023408C56002D22B8 /* p_img02.png */; };
/* End PBXBuildFile section */

/* Begin PBXFileReference section */
		4F81E137234088A2002D22B8 /* MyPickerView.app */ = {isa = PBXFileReference; explicitFileType = wrapper.application; includeInIndex = 0; path = MyPickerView.app; sourceTree = BUILT_PRODUCTS_DIR; };
		4F81E13A234088A2002D22B8 /* AppDelegate.swift */ = {isa = PBXFileReference; lastKnownFileType = sourcecode.swift; path = AppDelegate.swift; sourceTree = "<group>"; };
		4F81E13C234088A2002D22B8 /* ViewController.swift */ = {isa = PBXFileReference; lastKnownFileType = sourcecode.swift; path = ViewController.swift; sourceTree = "<group>"; };
		4F81E13F234088A2002D22B8 /* Base */ = {isa = PBXFileReference; lastKnownFileType = file.storyboard; name = Base; path = Base.lproj/Main.storyboard; sourceTree = "<group>"; };
		4F81E141234088A2002D22B8 /* Assets.xcassets */ = {isa = PBXFileReference; lastKnownFileType = folder.assetcatalog; path = Assets.xcassets; sourceTree = "<group>"; };
		4F81E144234088A2002D22B8 /* Base */ = {isa = PBXFileReference; lastKnownFileType = file.storyboard; name = Base; path = Base.lproj/LaunchScreen.storyboard; sourceTree = "<group>"; };
		4F81E146234088A2002D22B8 /* Info.plist */ = {isa = PBXFileReference; lastKnownFileType = text.plist.xml; path = Info.plist; sourceTree = "<group>"; };
		4F81E14C23408C56002D22B8 /* p_img01.png */ = {isa = PBXFileReference; lastKnownFileType = image.png; path = p_img01.png; sourceTree = "<group>"; };
		4F81E14D23408C56002D22B8 /* p_img04.png */ = {isa = PBXFileReference; lastKnownFileType = image.png; path = p_img04.png; sourceTree = "<group>"; };
		4F81E14E23408C56002D22B8 /* p_img03.png */ = {isa = PBXFileReference; lastKnownFileType = image.png; path = p_img03.png; sourceTree = "<group>"; };
		4F81E14F23408C56002D22B8 /* p_img05.png */ = {isa = PBXFileReference; lastKnownFileType = image.png; path = p_img05.png; sourceTree = "<group>"; };
		4F81E15023408C56002D22B8 /* p_img02.png */ = {isa = PBXFileReference; lastKnownFileType = image.png; path = p_img02.png; sourceTree = "<group>"; };
/* End PBXFileReference section */

/* Begin PBXFrameworksBuildPhase section */
		4F81E134234088A2002D22B8 /* Frameworks */ = {
			isa = PBXFrameworksBuildPhase;
			buildActionMask = 2147483647;
			files = (
			);
			runOnlyForDeploymentPostprocessing = 0;
		};
/* End PBXFrameworksBuildPhase section */

/* Begin PBXGroup section */
		4F81E12E234088A2002D22B8 = {
			isa = PBXGroup;
			children = (
				4F81E139234088A2002D22B8 /* MyPickerView */,
				4F81E138234088A2002D22B8 /* Products */,
			);
			sourceTree = "<group>";
		};
		4F81E138234088A2002D22B8 /* Products */ = {
			isa = PBXGroup;
			children = (
				4F81E137234088A2002D22B8 /* MyPickerView.app */,
			);
			name = Products;
			sourceTree = "<group>";
		};
		4F81E139234088A2002D22B8 /* MyPickerView */ = {
			isa = PBXGroup;
			children = (
				4F81E14C23408C56002D22B8 /* p_img01.png */,
				4F81E15023408C56002D22B8 /* p_img02.png */,
				4F81E14E23408C56002D22B8 /* p_img03.png */,
				4F81E14D23408C56002D22B8 /* p_img04.png */,
				4F81E14F23408C56002D22B8 /* p_img05.png */,
				4F81E13A234088A2002D22B8 /* AppDelegate.swift */,
				4F81E13C234088A2002D22B8 /* ViewController.swift */,
				4F81E13E234088A2002D22B8 /* Main.storyboard */,
				4F81E141234088A2002D22B8 /* Assets.xcassets */,
				4F81E143234088A2002D22B8 /* LaunchScreen.storyboard */,
				4F81E146234088A2002D22B8 /* Info.plist */,
			);
			path = MyPickerView;
			sourceTree = "<group>";
		};
/* End PBXGroup section */

/* Begin PBXNativeTarget section */
		4F81E136234088A2002D22B8 /* MyPickerView */ = {
			isa = PBXNativeTarget;
			buildConfigurationList = 4F81E149234088A2002D22B8 /* Build configuration list for PBXNativeTarget "MyPickerView" */;
			buildPhases = (
				4F81E133234088A2002D22B8 /* Sources */,
				4F81E134234088A2002D22B8 /* Frameworks */,
				4F81E135234088A2002D22B8 /* Resources */,
			);
			buildRules = (
			);
			dependencies = (
			);
			name = MyPickerView;
			productName = MyPickerView;
			productReference = 4F81E137234088A2002D22B8 /* MyPickerView.app */;
			productType = "com.apple.product-type.application";
		};
/* End PBXNativeTarget section */

/* Begin PBXProject section */
		4F81E12F234088A2002D22B8 /* Project object */ = {
			isa = PBXProject;
			attributes = {
				LastSwiftUpdateCheck = 1030;
				LastUpgradeCheck = 1030;
				ORGANIZATIONNAME = "마현아";
				TargetAttributes = {
					4F81E136234088A2002D22B8 = {
						CreatedOnToolsVersion = 10.3;
					};
				};
			};
			buildConfigurationList = 4F81E132234088A2002D22B8 /* Build configuration list for PBXProject "MyPickerView" */;
			compatibilityVersion = "Xcode 9.3";
			developmentRegion = en;
			hasScannedForEncodings = 0;
			knownRegions = (
				en,
				Base,
			);
			mainGroup = 4F81E12E234088A2002D22B8;
			productRefGroup = 4F81E138234088A2002D22B8 /* Products */;
			projectDirPath = "";
			projectRoot = "";
			targets = (
				4F81E136234088A2002D22B8 /* MyPickerView */,
			);
		};
/* End PBXProject section */

/* Begin PBXResourcesBuildPhase section */
		4F81E135234088A2002D22B8 /* Resources */ = {
			isa = PBXResourcesBuildPhase;
			buildActionMask = 2147483647;
			files = (
				4F81E145234088A2002D22B8 /* LaunchScreen.storyboard in Resources */,
				4F81E15323408C56002D22B8 /* p_img03.png in Resources */,
				4F81E15423408C56002D22B8 /* p_img05.png in Resources */,
				4F81E15223408C56002D22B8 /* p_img04.png in Resources */,
				4F81E15523408C56002D22B8 /* p_img02.png in Resources */,
				4F81E142234088A2002D22B8 /* Assets.xcassets in Resources */,
				4F81E140234088A2002D22B8 /* Main.storyboard in Resources */,
				4F81E15123408C56002D22B8 /* p_img01.png in Resources */,
			);
			runOnlyForDeploymentPostprocessing = 0;
		};
/* End PBXResourcesBuildPhase section */

/* Begin PBXSourcesBuildPhase section */
		4F81E133234088A2002D22B8 /* Sources */ = {
			isa = PBXSourcesBuildPhase;
			buildActionMask = 2147483647;
			files = (
				4F81E13D234088A2002D22B8 /* ViewController.swift in Sources */,
				4F81E13B234088A2002D22B8 /* AppDelegate.swift in Sources */,
			);
			runOnlyForDeploymentPostprocessing = 0;
		};
/* End PBXSourcesBuildPhase section */

/* Begin PBXVariantGroup section */
		4F81E13E234088A2002D22B8 /* Main.storyboard */ = {
			isa = PBXVariantGroup;
			children = (
				4F81E13F234088A2002D22B8 /* Base */,
			);
			name = Main.storyboard;
			sourceTree = "<group>";
		};
		4F81E143234088A2002D22B8 /* LaunchScreen.storyboard */ = {
			isa = PBXVariantGroup;
			children = (
				4F81E144234088A2002D22B8 /* Base */,
			);
			name = LaunchScreen.storyboard;
			sourceTree = "<group>";
		};
/* End PBXVariantGroup section */

/* Begin XCBuildConfiguration section */
		4F81E147234088A2002D22B8 /* Debug */ = {
			isa = XCBuildConfiguration;
			buildSettings = {
				ALWAYS_SEARCH_USER_PATHS = NO;
				CLANG_ANALYZER_NONNULL = YES;
				CLANG_ANALYZER_NUMBER_OBJECT_CONVERSION = YES_AGGRESSIVE;
				CLANG_CXX_LANGUAGE_STANDARD = "gnu++14";
				CLANG_CXX_LIBRARY = "libc++";
				CLANG_ENABLE_MODULES = YES;
				CLANG_ENABLE_OBJC_ARC = YES;
				CLANG_ENABLE_OBJC_WEAK = YES;
				CLANG_WARN_BLOCK_CAPTURE_AUTORELEASING = YES;
				CLANG_WARN_BOOL_CONVERSION = YES;
				CLANG_WARN_COMMA = YES;
				CLANG_WARN_CONSTANT_CONVERSION = YES;
				CLANG_WARN_DEPRECATED_OBJC_IMPLEMENTATIONS = YES;
				CLANG_WARN_DIRECT_OBJC_ISA_USAGE = YES_ERROR;
				CLANG_WARN_DOCUMENTATION_COMMENTS = YES;
				CLANG_WARN_EMPTY_BODY = YES;
				CLANG_WARN_ENUM_CONVERSION = YES;
				CLANG_WARN_INFINITE_RECURSION = YES;
				CLANG_WARN_INT_CONVERSION = YES;
				CLANG_WARN_NON_LITERAL_NULL_CONVERSION = YES;
				CLANG_WARN_OBJC_IMPLICIT_RETAIN_SELF = YES;
				CLANG_WARN_OBJC_LITERAL_CONVERSION = YES;
				CLANG_WARN_OBJC_ROOT_CLASS = YES_ERROR;
				CLANG_WARN_RANGE_LOOP_ANALYSIS = YES;
				CLANG_WARN_STRICT_PROTOTYPES = YES;
				CLANG_WARN_SUSPICIOUS_MOVE = YES;
				CLANG_WARN_UNGUARDED_AVAILABILITY = YES_AGGRESSIVE;
				CLANG_WARN_UNREACHABLE_CODE = YES;
				CLANG_WARN__DUPLICATE_METHOD_MATCH = YES;
				CODE_SIGN_IDENTITY = "iPhone Developer";
				COPY_PHASE_STRIP = NO;
				DEBUG_INFORMATION_FORMAT = dwarf;
				ENABLE_STRICT_OBJC_MSGSEND = YES;
				ENABLE_TESTABILITY = YES;
				GCC_C_LANGUAGE_STANDARD = gnu11;
				GCC_DYNAMIC_NO_PIC = NO;
				GCC_NO_COMMON_BLOCKS = YES;
				GCC_OPTIMIZATION_LEVEL = 0;
				GCC_PREPROCESSOR_DEFINITIONS = (
					"DEBUG=1",
					"$(inherited)",
				);
				GCC_WARN_64_TO_32_BIT_CONVERSION = YES;
				GCC_WARN_ABOUT_RETURN_TYPE = YES_ERROR;
				GCC_WARN_UNDECLARED_SELECTOR = YES;
				GCC_WARN_UNINITIALIZED_AUTOS = YES_AGGRESSIVE;
				GCC_WARN_UNUSED_FUNCTION = YES;
				GCC_WARN_UNUSED_VARIABLE = YES;
				IPHONEOS_DEPLOYMENT_TARGET = 12.4;
				MTL_ENABLE_DEBUG_INFO = INCLUDE_SOURCE;
				MTL_FAST_MATH = YES;
				ONLY_ACTIVE_ARCH = YES;
				SDKROOT = iphoneos;
				SWIFT_ACTIVE_COMPILATION_CONDITIONS = DEBUG;
				SWIFT_OPTIMIZATION_LEVEL = "-Onone";
			};
			name = Debug;
		};
		4F81E148234088A2002D22B8 /* Release */ = {
			isa = XCBuildConfiguration;
			buildSettings = {
				ALWAYS_SEARCH_USER_PATHS = NO;
				CLANG_ANALYZER_NONNULL = YES;
				CLANG_ANALYZER_NUMBER_OBJECT_CONVERSION = YES_AGGRESSIVE;
				CLANG_CXX_LANGUAGE_STANDARD = "gnu++14";
				CLANG_CXX_LIBRARY = "libc++";
				CLANG_ENABLE_MODULES = YES;
				CLANG_ENABLE_OBJC_ARC = YES;
				CLANG_ENABLE_OBJC_WEAK = YES;
				CLANG_WARN_BLOCK_CAPTURE_AUTORELEASING = YES;
				CLANG_WARN_BOOL_CONVERSION = YES;
				CLANG_WARN_COMMA = YES;
				CLANG_WARN_CONSTANT_CONVERSION = YES;
				CLANG_WARN_DEPRECATED_OBJC_IMPLEMENTATIONS = YES;
				CLANG_WARN_DIRECT_OBJC_ISA_USAGE = YES_ERROR;
				CLANG_WARN_DOCUMENTATION_COMMENTS = YES;
				CLANG_WARN_EMPTY_BODY = YES;
				CLANG_WARN_ENUM_CONVERSION = YES;
				CLANG_WARN_INFINITE_RECURSION = YES;
				CLANG_WARN_INT_CONVERSION = YES;
				CLANG_WARN_NON_LITERAL_NULL_CONVERSION = YES;
				CLANG_WARN_OBJC_IMPLICIT_RETAIN_SELF = YES;
				CLANG_WARN_OBJC_LITERAL_CONVERSION = YES;
				CLANG_WARN_OBJC_ROOT_CLASS = YES_ERROR;
				CLANG_WARN_RANGE_LOOP_ANALYSIS = YES;
				CLANG_WARN_STRICT_PROTOTYPES = YES;
				CLANG_WARN_SUSPICIOUS_MOVE = YES;
				CLANG_WARN_UNGUARDED_AVAILABILITY = YES_AGGRESSIVE;
				CLANG_WARN_UNREACHABLE_CODE = YES;
				CLANG_WARN__DUPLICATE_METHOD_MATCH = YES;
				CODE_SIGN_IDENTITY = "iPhone Developer";
				COPY_PHASE_STRIP = NO;
				DEBUG_INFORMATION_FORMAT = "dwarf-with-dsym";
				ENABLE_NS_ASSERTIONS = NO;
				ENABLE_STRICT_OBJC_MSGSEND = YES;
				GCC_C_LANGUAGE_STANDARD = gnu11;
				GCC_NO_COMMON_BLOCKS = YES;
				GCC_WARN_64_TO_32_BIT_CONVERSION = YES;
				GCC_WARN_ABOUT_RETURN_TYPE = YES_ERROR;
				GCC_WARN_UNDECLARED_SELECTOR = YES;
				GCC_WARN_UNINITIALIZED_AUTOS = YES_AGGRESSIVE;
				GCC_WARN_UNUSED_FUNCTION = YES;
				GCC_WARN_UNUSED_VARIABLE = YES;
				IPHONEOS_DEPLOYMENT_TARGET = 12.4;
				MTL_ENABLE_DEBUG_INFO = NO;
				MTL_FAST_MATH = YES;
				SDKROOT = iphoneos;
				SWIFT_COMPILATION_MODE = wholemodule;
				SWIFT_OPTIMIZATION_LEVEL = "-O";
				VALIDATE_PRODUCT = YES;
			};
			name = Release;
		};
		4F81E14A234088A2002D22B8 /* Debug */ = {
			isa = XCBuildConfiguration;
			buildSettings = {
				ASSETCATALOG_COMPILER_APPICON_NAME = AppIcon;
				CODE_SIGN_STYLE = Automatic;
				INFOPLIST_FILE = MyPickerView/Info.plist;
				LD_RUNPATH_SEARCH_PATHS = (
					"$(inherited)",
					"@executable_path/Frameworks",
				);
				PRODUCT_BUNDLE_IDENTIFIER = com.tj.MyPickerView;
				PRODUCT_NAME = "$(TARGET_NAME)";
				SWIFT_VERSION = 5.0;
				TARGETED_DEVICE_FAMILY = "1,2";
			};
			name = Debug;
		};
		4F81E14B234088A2002D22B8 /* Release */ = {
			isa = XCBuildConfiguration;
			buildSettings = {
				ASSETCATALOG_COMPILER_APPICON_NAME = AppIcon;
				CODE_SIGN_STYLE = Automatic;
				INFOPLIST_FILE = MyPickerView/Info.plist;
				LD_RUNPATH_SEARCH_PATHS = (
					"$(inherited)",
					"@executable_path/Frameworks",
				);
				PRODUCT_BUNDLE_IDENTIFIER = com.tj.MyPickerView;
				PRODUCT_NAME = "$(TARGET_NAME)";
				SWIFT_VERSION = 5.0;
				TARGETED_DEVICE_FAMILY = "1,2";
			};
			name = Release;
		};
/* End XCBuildConfiguration section */

/* Begin XCConfigurationList section */
		4F81E132234088A2002D22B8 /* Build configuration list for PBXProject "MyPickerView" */ = {
			isa = XCConfigurationList;
			buildConfigurations = (
				4F81E147234088A2002D22B8 /* Debug */,
				4F81E148234088A2002D22B8 /* Release */,
			);
			defaultConfigurationIsVisible = 0;
			defaultConfigurationName = Release;
		};
		4F81E149234088A2002D22B8 /* Build configuration list for PBXNativeTarget "MyPickerView" */ = {
			isa = XCConfigurationList;
			buildConfigurations = (
				4F81E14A234088A2002D22B8 /* Debug */,
				4F81E14B234088A2002D22B8 /* Release */,
			);
			defaultConfigurationIsVisible = 0;
			defaultConfigurationName = Release;
		};
/* End XCConfigurationList section */
	};
	rootObject = 4F81E12F234088A2002D22B8 /* Project object */;
}
